
Microsoft Visual Studio Solution File, Format Version 12.00
# Visual Studio Version 17
VisualStudioVersion = 17.9.34728.123
MinimumVisualStudioVersion = 10.0.40219.1
Project("{FAE04EC0-301F-11D3-BF4B-00C04F79EFBC}") = "AddInTest", "AddInTest\AddInTest.csproj", "{D4266297-959D-44F6-8878-25D4AA15E0A6}"
EndProject
Global
	GlobalSection(SolutionConfigurationPlatforms) = preSolution
		Debug|Any CPU = Debug|Any CPU
		Release|Any CPU = Release|Any CPU
	EndGlobalSection
	GlobalSection(ProjectConfigurationPlatforms) = postSolution
		{D4266297-959D-44F6-8878-25D4AA15E0A6}.Debug|Any CPU.ActiveCfg = Debug|Any CPU
		{D4266297-959D-44F6-8878-25D4AA15E0A6}.Debug|Any CPU.Build.0 = Debug|Any CPU
		{D4266297-959D-44F6-8878-25D4AA15E0A6}.Release|Any CPU.ActiveCfg = Release|Any CPU
		{D4266297-959D-44F6-8878-25D4AA15E0A6}.Release|Any CPU.Build.0 = Release|Any CPU
	EndGlobalSection
	GlobalSection(SolutionProperties) = preSolution
		HideSolutionNode = FALSE
	EndGlobalSection
	GlobalSection(ExtensibilityGlobals) = postSolution
		SolutionGuid = {5659DBD7-DCF0-4648-801E-6F88D5C6387E}
	EndGlobalSection
EndGlobal
